
Microsoft Visual Studio Solution File, Format Version 12.00
# Visual Studio 15
Project("{FAE04EC0-301F-11D3-BF4B-00C04F79EFBC}") = "Assembly-CSharp-Editor", "Assembly-CSharp-Editor.csproj", "{C92E6642-989D-CE4D-256A-EDA67BF58718}"
EndProject
Project("{FAE04EC0-301F-11D3-BF4B-00C04F79EFBC}") = "Assembly-CSharp", "Assembly-CSharp.csproj", "{5F89F3CF-0F21-9013-A2AD-E46165D08835}"
EndProject
Global
	GlobalSection(SolutionConfigurationPlatforms) = preSolution
		Debug|Any CPU = Debug|Any CPU
		Release|Any CPU = Release|Any CPU
	EndGlobalSection
	GlobalSection(ProjectConfigurationPlatforms) = postSolution
		{C92E6642-989D-CE4D-256A-EDA67BF58718}.Debug|Any CPU.ActiveCfg = Debug|Any CPU
		{C92E6642-989D-CE4D-256A-EDA67BF58718}.Debug|Any CPU.Build.0 = Debug|Any CPU
		{C92E6642-989D-CE4D-256A-EDA67BF58718}.Release|Any CPU.ActiveCfg = Release|Any CPU
		{C92E6642-989D-CE4D-256A-EDA67BF58718}.Release|Any CPU.Build.0 = Release|Any CPU
		{5F89F3CF-0F21-9013-A2AD-E46165D08835}.Debug|Any CPU.ActiveCfg = Debug|Any CPU
		{5F89F3CF-0F21-9013-A2AD-E46165D08835}.Debug|Any CPU.Build.0 = Debug|Any CPU
		{5F89F3CF-0F21-9013-A2AD-E46165D08835}.Release|Any CPU.ActiveCfg = Release|Any CPU
		{5F89F3CF-0F21-9013-A2AD-E46165D08835}.Release|Any CPU.Build.0 = Release|Any CPU
	EndGlobalSection
	GlobalSection(SolutionProperties) = preSolution
		HideSolutionNode = FALSE
	EndGlobalSection
EndGlobal
